// !$*UTF8*$!
{
	archiveVersion = 1;
	classes = {
	};
	objectVersion = 50;
	objects = {

/* Begin PBXBuildFile section */
		18093A1227A2A55B0000A0F6 /* tg.xcdatamodeld in Sources */ = {isa = PBXBuildFile; fileRef = 18093A1027A2A55B0000A0F6 /* tg.xcdatamodeld */; };
		18093A1527A8AC370000A0F6 /* FavoritesViewController.swift in Sources */ = {isa = PBXBuildFile; fileRef = 18093A1427A8AC370000A0F6 /* FavoritesViewController.swift */; };
		1821FAB32732D71F009603EF /* ListOfGamesViewCell.xib in Resources */ = {isa = PBXBuildFile; fileRef = 1821FAB22732D71F009603EF /* ListOfGamesViewCell.xib */; };
		1832D618273A7A4800445BDF /* NetworkManager.swift in Sources */ = {isa = PBXBuildFile; fileRef = 1832D617273A7A4800445BDF /* NetworkManager.swift */; };
		183FCD112742E90100CD2C10 /* ScreenshotViewer.swift in Sources */ = {isa = PBXBuildFile; fileRef = 183FCD102742E90100CD2C10 /* ScreenshotViewer.swift */; };
		18445E372732941200D40700 /* AboutGameViewController.swift in Sources */ = {isa = PBXBuildFile; fileRef = 18445E362732941200D40700 /* AboutGameViewController.swift */; };
		18445E3A2732A6C100D40700 /* NetworkStruct.swift in Sources */ = {isa = PBXBuildFile; fileRef = 18445E392732A6C100D40700 /* NetworkStruct.swift */; };
		187E3D242743128B00CD433E /* BigScreenshotViewCell.swift in Sources */ = {isa = PBXBuildFile; fileRef = 187E3D232743128B00CD433E /* BigScreenshotViewCell.swift */; };
		1883F7B527B95299006646D3 /* FavoritesProtocols.swift in Sources */ = {isa = PBXBuildFile; fileRef = 1883F7B427B95299006646D3 /* FavoritesProtocols.swift */; };
		1883F7B727B9689A006646D3 /* FavoritesPresenter.swift in Sources */ = {isa = PBXBuildFile; fileRef = 1883F7B627B9689A006646D3 /* FavoritesPresenter.swift */; };
		1883F7B927B9A2DC006646D3 /* FavoritesCellData.swift in Sources */ = {isa = PBXBuildFile; fileRef = 1883F7B827B9A2DC006646D3 /* FavoritesCellData.swift */; };
		1883F7BF27B9B24A006646D3 /* SettingsPresenter.swift in Sources */ = {isa = PBXBuildFile; fileRef = 1883F7BE27B9B24A006646D3 /* SettingsPresenter.swift */; };
		1883F7C127B9B262006646D3 /* SettingsProtocols.swift in Sources */ = {isa = PBXBuildFile; fileRef = 1883F7C027B9B262006646D3 /* SettingsProtocols.swift */; };
		1883F7C327B9C6BE006646D3 /* SettingsCellData.swift in Sources */ = {isa = PBXBuildFile; fileRef = 1883F7C227B9C6BE006646D3 /* SettingsCellData.swift */; };
		1883F7C827B9D276006646D3 /* ScreenshotFullPresenter.swift in Sources */ = {isa = PBXBuildFile; fileRef = 1883F7C727B9D276006646D3 /* ScreenshotFullPresenter.swift */; };
		1883F7CA27B9D2CB006646D3 /* ScreenshotFullProtocols.swift in Sources */ = {isa = PBXBuildFile; fileRef = 1883F7C927B9D2CB006646D3 /* ScreenshotFullProtocols.swift */; };
		1883F7CF27B9DE2D006646D3 /* AboutGamePresenter.swift in Sources */ = {isa = PBXBuildFile; fileRef = 1883F7CE27B9DE2D006646D3 /* AboutGamePresenter.swift */; };
		1883F7D127B9DE4D006646D3 /* AboutGameProtocols.swift in Sources */ = {isa = PBXBuildFile; fileRef = 1883F7D027B9DE4D006646D3 /* AboutGameProtocols.swift */; };
		1883F7D627B9F516006646D3 /* MainScreenPresenter.swift in Sources */ = {isa = PBXBuildFile; fileRef = 1883F7D527B9F516006646D3 /* MainScreenPresenter.swift */; };
		1883F7D927B9F53A006646D3 /* MainScreenProtocols.swift in Sources */ = {isa = PBXBuildFile; fileRef = 1883F7D827B9F53A006646D3 /* MainScreenProtocols.swift */; };
		1883F7DB27BA0346006646D3 /* MainScreenCellData.swift in Sources */ = {isa = PBXBuildFile; fileRef = 1883F7DA27BA0346006646D3 /* MainScreenCellData.swift */; };
		188B926F277076EE00FB5737 /* UserSettingsRegistration.swift in Sources */ = {isa = PBXBuildFile; fileRef = 188B926E277076EE00FB5737 /* UserSettingsRegistration.swift */; };
		188F371F272FE9F400E7B5EF /* AppDelegate.swift in Sources */ = {isa = PBXBuildFile; fileRef = 188F371E272FE9F400E7B5EF /* AppDelegate.swift */; };
		188F3721272FE9F400E7B5EF /* SceneDelegate.swift in Sources */ = {isa = PBXBuildFile; fileRef = 188F3720272FE9F400E7B5EF /* SceneDelegate.swift */; };
		188F3723272FE9F400E7B5EF /* ListOfGamesViewController.swift in Sources */ = {isa = PBXBuildFile; fileRef = 188F3722272FE9F400E7B5EF /* ListOfGamesViewController.swift */; };
		188F3726272FE9F400E7B5EF /* Main.storyboard in Resources */ = {isa = PBXBuildFile; fileRef = 188F3724272FE9F400E7B5EF /* Main.storyboard */; };
		188F3728272FE9F700E7B5EF /* Assets.xcassets in Resources */ = {isa = PBXBuildFile; fileRef = 188F3727272FE9F700E7B5EF /* Assets.xcassets */; };
		188F372B272FE9F700E7B5EF /* LaunchScreen.storyboard in Resources */ = {isa = PBXBuildFile; fileRef = 188F3729272FE9F700E7B5EF /* LaunchScreen.storyboard */; };
		188F3734272FF22200E7B5EF /* ListOfGamesViewCell.swift in Sources */ = {isa = PBXBuildFile; fileRef = 188F3732272FF22200E7B5EF /* ListOfGamesViewCell.swift */; };
		1892803A27AFFD8B003DBC76 /* CoreDataManager.swift in Sources */ = {isa = PBXBuildFile; fileRef = 1892803927AFFD8B003DBC76 /* CoreDataManager.swift */; };
		18A2B9C6273D54EC00814DC5 /* CollectionScreenshotsCell.swift in Sources */ = {isa = PBXBuildFile; fileRef = 18A2B9C4273D54EC00814DC5 /* CollectionScreenshotsCell.swift */; };
		18A2B9C7273D54EC00814DC5 /* CollectionScreenshotsCell.xib in Resources */ = {isa = PBXBuildFile; fileRef = 18A2B9C5273D54EC00814DC5 /* CollectionScreenshotsCell.xib */; };
		18C4737B276771C900715F2F /* SettingsViewController.swift in Sources */ = {isa = PBXBuildFile; fileRef = 18C4737A276771C900715F2F /* SettingsViewController.swift */; };
		18C4738327677E4E00715F2F /* TableSettingsCell.swift in Sources */ = {isa = PBXBuildFile; fileRef = 18C4738127677E4E00715F2F /* TableSettingsCell.swift */; };
		18C4738427677E4E00715F2F /* TableSettingsCell.xib in Resources */ = {isa = PBXBuildFile; fileRef = 18C4738227677E4E00715F2F /* TableSettingsCell.xib */; };
		18C4D067276168DA00992B68 /* LoadingAnimation.swift in Sources */ = {isa = PBXBuildFile; fileRef = 18C4D066276168DA00992B68 /* LoadingAnimation.swift */; };
		18E0E6C22750FBC80031D7A8 /* TableListOfGameCell.swift in Sources */ = {isa = PBXBuildFile; fileRef = 18E0E6C02750FBC80031D7A8 /* TableListOfGameCell.swift */; };
		18E0E6C32750FBC80031D7A8 /* TableListOfGameCell.xib in Resources */ = {isa = PBXBuildFile; fileRef = 18E0E6C12750FBC80031D7A8 /* TableListOfGameCell.xib */; };
		18F03DCC27AAA8DE002761D5 /* FavoritesTableViewCell.swift in Sources */ = {isa = PBXBuildFile; fileRef = 18F03DCA27AAA8DE002761D5 /* FavoritesTableViewCell.swift */; };
		18F03DCD27AAA8DE002761D5 /* FavoritesTableViewCell.xib in Resources */ = {isa = PBXBuildFile; fileRef = 18F03DCB27AAA8DE002761D5 /* FavoritesTableViewCell.xib */; };
		3AE0EE0627CCBDD200CBCADD /* CustomPinField.swift in Sources */ = {isa = PBXBuildFile; fileRef = 3AE0EE0527CCBDD200CBCADD /* CustomPinField.swift */; };
		3AE0EE0927CCC21000CBCADD /* PasswordViewController.swift in Sources */ = {isa = PBXBuildFile; fileRef = 3AE0EE0827CCC21000CBCADD /* PasswordViewController.swift */; };
		3AE2355927C6678F00A4CE95 /* CustomSegmentedControlView.swift in Sources */ = {isa = PBXBuildFile; fileRef = 3AE2355827C6678F00A4CE95 /* CustomSegmentedControlView.swift */; };
		C3C173FBB3D5A4D3A94E134C /* libPods-tg.a in Frameworks */ = {isa = PBXBuildFile; fileRef = F0C680A2FA3CF2D35FA1503E /* libPods-tg.a */; };
/* End PBXBuildFile section */

/* Begin PBXFileReference section */
		18093A1127A2A55B0000A0F6 /* tg.xcdatamodel */ = {isa = PBXFileReference; lastKnownFileType = wrapper.xcdatamodel; path = tg.xcdatamodel; sourceTree = "<group>"; };
		18093A1427A8AC370000A0F6 /* FavoritesViewController.swift */ = {isa = PBXFileReference; lastKnownFileType = sourcecode.swift; path = FavoritesViewController.swift; sourceTree = "<group>"; };
		1821FAB22732D71F009603EF /* ListOfGamesViewCell.xib */ = {isa = PBXFileReference; lastKnownFileType = file.xib; path = ListOfGamesViewCell.xib; sourceTree = "<group>"; };
		1832D617273A7A4800445BDF /* NetworkManager.swift */ = {isa = PBXFileReference; lastKnownFileType = sourcecode.swift; path = NetworkManager.swift; sourceTree = "<group>"; };
		183FCD102742E90100CD2C10 /* ScreenshotViewer.swift */ = {isa = PBXFileReference; lastKnownFileType = sourcecode.swift; path = ScreenshotViewer.swift; sourceTree = "<group>"; };
		18445E362732941200D40700 /* AboutGameViewController.swift */ = {isa = PBXFileReference; lastKnownFileType = sourcecode.swift; path = AboutGameViewController.swift; sourceTree = "<group>"; };
		18445E392732A6C100D40700 /* NetworkStruct.swift */ = {isa = PBXFileReference; lastKnownFileType = sourcecode.swift; path = NetworkStruct.swift; sourceTree = "<group>"; };
		187E3D232743128B00CD433E /* BigScreenshotViewCell.swift */ = {isa = PBXFileReference; lastKnownFileType = sourcecode.swift; path = BigScreenshotViewCell.swift; sourceTree = "<group>"; };
		1883F7B427B95299006646D3 /* FavoritesProtocols.swift */ = {isa = PBXFileReference; lastKnownFileType = sourcecode.swift; path = FavoritesProtocols.swift; sourceTree = "<group>"; };
		1883F7B627B9689A006646D3 /* FavoritesPresenter.swift */ = {isa = PBXFileReference; lastKnownFileType = sourcecode.swift; path = FavoritesPresenter.swift; sourceTree = "<group>"; };
		1883F7B827B9A2DC006646D3 /* FavoritesCellData.swift */ = {isa = PBXFileReference; lastKnownFileType = sourcecode.swift; path = FavoritesCellData.swift; sourceTree = "<group>"; };
		1883F7BE27B9B24A006646D3 /* SettingsPresenter.swift */ = {isa = PBXFileReference; lastKnownFileType = sourcecode.swift; path = SettingsPresenter.swift; sourceTree = "<group>"; };
		1883F7C027B9B262006646D3 /* SettingsProtocols.swift */ = {isa = PBXFileReference; lastKnownFileType = sourcecode.swift; path = SettingsProtocols.swift; sourceTree = "<group>"; };
		1883F7C227B9C6BE006646D3 /* SettingsCellData.swift */ = {isa = PBXFileReference; lastKnownFileType = sourcecode.swift; path = SettingsCellData.swift; sourceTree = "<group>"; };
		1883F7C727B9D276006646D3 /* ScreenshotFullPresenter.swift */ = {isa = PBXFileReference; lastKnownFileType = sourcecode.swift; path = ScreenshotFullPresenter.swift; sourceTree = "<group>"; };
		1883F7C927B9D2CB006646D3 /* ScreenshotFullProtocols.swift */ = {isa = PBXFileReference; lastKnownFileType = sourcecode.swift; path = ScreenshotFullProtocols.swift; sourceTree = "<group>"; };
		1883F7CE27B9DE2D006646D3 /* AboutGamePresenter.swift */ = {isa = PBXFileReference; lastKnownFileType = sourcecode.swift; path = AboutGamePresenter.swift; sourceTree = "<group>"; };
		1883F7D027B9DE4D006646D3 /* AboutGameProtocols.swift */ = {isa = PBXFileReference; lastKnownFileType = sourcecode.swift; path = AboutGameProtocols.swift; sourceTree = "<group>"; };
		1883F7D527B9F516006646D3 /* MainScreenPresenter.swift */ = {isa = PBXFileReference; lastKnownFileType = sourcecode.swift; path = MainScreenPresenter.swift; sourceTree = "<group>"; };
		1883F7D827B9F53A006646D3 /* MainScreenProtocols.swift */ = {isa = PBXFileReference; lastKnownFileType = sourcecode.swift; path = MainScreenProtocols.swift; sourceTree = "<group>"; };
		1883F7DA27BA0346006646D3 /* MainScreenCellData.swift */ = {isa = PBXFileReference; lastKnownFileType = sourcecode.swift; path = MainScreenCellData.swift; sourceTree = "<group>"; };
		188B926E277076EE00FB5737 /* UserSettingsRegistration.swift */ = {isa = PBXFileReference; lastKnownFileType = sourcecode.swift; path = UserSettingsRegistration.swift; sourceTree = "<group>"; };
		188F371B272FE9F400E7B5EF /* tg.app */ = {isa = PBXFileReference; explicitFileType = wrapper.application; includeInIndex = 0; path = tg.app; sourceTree = BUILT_PRODUCTS_DIR; };
		188F371E272FE9F400E7B5EF /* AppDelegate.swift */ = {isa = PBXFileReference; lastKnownFileType = sourcecode.swift; path = AppDelegate.swift; sourceTree = "<group>"; };
		188F3720272FE9F400E7B5EF /* SceneDelegate.swift */ = {isa = PBXFileReference; lastKnownFileType = sourcecode.swift; path = SceneDelegate.swift; sourceTree = "<group>"; };
		188F3722272FE9F400E7B5EF /* ListOfGamesViewController.swift */ = {isa = PBXFileReference; lastKnownFileType = sourcecode.swift; path = ListOfGamesViewController.swift; sourceTree = "<group>"; };
		188F3725272FE9F400E7B5EF /* Base */ = {isa = PBXFileReference; lastKnownFileType = file.storyboard; name = Base; path = Base.lproj/Main.storyboard; sourceTree = "<group>"; };
		188F3727272FE9F700E7B5EF /* Assets.xcassets */ = {isa = PBXFileReference; lastKnownFileType = folder.assetcatalog; path = Assets.xcassets; sourceTree = "<group>"; };
		188F372A272FE9F700E7B5EF /* Base */ = {isa = PBXFileReference; lastKnownFileType = file.storyboard; name = Base; path = Base.lproj/LaunchScreen.storyboard; sourceTree = "<group>"; };
		188F372C272FE9F700E7B5EF /* Info.plist */ = {isa = PBXFileReference; lastKnownFileType = text.plist.xml; path = Info.plist; sourceTree = "<group>"; };
		188F3732272FF22200E7B5EF /* ListOfGamesViewCell.swift */ = {isa = PBXFileReference; lastKnownFileType = sourcecode.swift; path = ListOfGamesViewCell.swift; sourceTree = "<group>"; };
		1892803927AFFD8B003DBC76 /* CoreDataManager.swift */ = {isa = PBXFileReference; lastKnownFileType = sourcecode.swift; path = CoreDataManager.swift; sourceTree = "<group>"; };
		18A2B9C4273D54EC00814DC5 /* CollectionScreenshotsCell.swift */ = {isa = PBXFileReference; lastKnownFileType = sourcecode.swift; path = CollectionScreenshotsCell.swift; sourceTree = "<group>"; };
		18A2B9C5273D54EC00814DC5 /* CollectionScreenshotsCell.xib */ = {isa = PBXFileReference; lastKnownFileType = file.xib; path = CollectionScreenshotsCell.xib; sourceTree = "<group>"; };
		18C4737A276771C900715F2F /* SettingsViewController.swift */ = {isa = PBXFileReference; lastKnownFileType = sourcecode.swift; path = SettingsViewController.swift; sourceTree = "<group>"; };
		18C4738127677E4E00715F2F /* TableSettingsCell.swift */ = {isa = PBXFileReference; lastKnownFileType = sourcecode.swift; path = TableSettingsCell.swift; sourceTree = "<group>"; };
		18C4738227677E4E00715F2F /* TableSettingsCell.xib */ = {isa = PBXFileReference; lastKnownFileType = file.xib; path = TableSettingsCell.xib; sourceTree = "<group>"; };
		18C4D066276168DA00992B68 /* LoadingAnimation.swift */ = {isa = PBXFileReference; lastKnownFileType = sourcecode.swift; path = LoadingAnimation.swift; sourceTree = "<group>"; };
		18E0E6C02750FBC80031D7A8 /* TableListOfGameCell.swift */ = {isa = PBXFileReference; lastKnownFileType = sourcecode.swift; path = TableListOfGameCell.swift; sourceTree = "<group>"; };
		18E0E6C12750FBC80031D7A8 /* TableListOfGameCell.xib */ = {isa = PBXFileReference; lastKnownFileType = file.xib; path = TableListOfGameCell.xib; sourceTree = "<group>"; };
		18F03DCA27AAA8DE002761D5 /* FavoritesTableViewCell.swift */ = {isa = PBXFileReference; lastKnownFileType = sourcecode.swift; path = FavoritesTableViewCell.swift; sourceTree = "<group>"; };
		18F03DCB27AAA8DE002761D5 /* FavoritesTableViewCell.xib */ = {isa = PBXFileReference; lastKnownFileType = file.xib; path = FavoritesTableViewCell.xib; sourceTree = "<group>"; };
		3AE0EE0527CCBDD200CBCADD /* CustomPinField.swift */ = {isa = PBXFileReference; lastKnownFileType = sourcecode.swift; path = CustomPinField.swift; sourceTree = "<group>"; };
		3AE0EE0827CCC21000CBCADD /* PasswordViewController.swift */ = {isa = PBXFileReference; lastKnownFileType = sourcecode.swift; path = PasswordViewController.swift; sourceTree = "<group>"; };
		3AE2355827C6678F00A4CE95 /* CustomSegmentedControlView.swift */ = {isa = PBXFileReference; lastKnownFileType = sourcecode.swift; path = CustomSegmentedControlView.swift; sourceTree = "<group>"; };
		A09D6B86A7476DDF944084BC /* Pods-tg.debug.xcconfig */ = {isa = PBXFileReference; includeInIndex = 1; lastKnownFileType = text.xcconfig; name = "Pods-tg.debug.xcconfig"; path = "Target Support Files/Pods-tg/Pods-tg.debug.xcconfig"; sourceTree = "<group>"; };
		BF9EA82254B1EF9251B08B9A /* Pods-tg.release.xcconfig */ = {isa = PBXFileReference; includeInIndex = 1; lastKnownFileType = text.xcconfig; name = "Pods-tg.release.xcconfig"; path = "Target Support Files/Pods-tg/Pods-tg.release.xcconfig"; sourceTree = "<group>"; };
		F0C680A2FA3CF2D35FA1503E /* libPods-tg.a */ = {isa = PBXFileReference; explicitFileType = archive.ar; includeInIndex = 0; path = "libPods-tg.a"; sourceTree = BUILT_PRODUCTS_DIR; };
/* End PBXFileReference section */

/* Begin PBXFrameworksBuildPhase section */
		188F3718272FE9F400E7B5EF /* Frameworks */ = {
			isa = PBXFrameworksBuildPhase;
			buildActionMask = 2147483647;
			files = (
				C3C173FBB3D5A4D3A94E134C /* libPods-tg.a in Frameworks */,
			);
			runOnlyForDeploymentPostprocessing = 0;
		};
/* End PBXFrameworksBuildPhase section */

/* Begin PBXGroup section */
		05125B2C6765375BEE19E5D9 /* Frameworks */ = {
			isa = PBXGroup;
			children = (
				F0C680A2FA3CF2D35FA1503E /* libPods-tg.a */,
			);
			name = Frameworks;
			sourceTree = "<group>";
		};
		18093A1327A8ABF20000A0F6 /* Favorites */ = {
			isa = PBXGroup;
			children = (
				1883F7B227B9522A006646D3 /* View */,
				1883F7B127B95227006646D3 /* Presenter */,
				1883F7B027B95222006646D3 /* Model */,
			);
			path = Favorites;
			sourceTree = "<group>";
		};
		18445E382732A6A100D40700 /* Network */ = {
			isa = PBXGroup;
			children = (
				18445E392732A6C100D40700 /* NetworkStruct.swift */,
				1832D617273A7A4800445BDF /* NetworkManager.swift */,
			);
			path = Network;
			sourceTree = "<group>";
		};
		187E3D2627453A0E00CD433E /* MainScreenListOfGames */ = {
			isa = PBXGroup;
			children = (
				1883F7D427B9F4DA006646D3 /* View */,
				1883F7D327B9F4D2006646D3 /* Presenter */,
				1883F7D227B9F4C6006646D3 /* Model */,
				187E3D2727453A7C00CD433E /* ScreenAboutGame */,
			);
			path = MainScreenListOfGames;
			sourceTree = "<group>";
		};
		187E3D2727453A7C00CD433E /* ScreenAboutGame */ = {
			isa = PBXGroup;
			children = (
				1883F7CD27B9DCCF006646D3 /* View */,
				1883F7CC27B9DCC0006646D3 /* Presenter */,
				1883F7CB27B9DCAF006646D3 /* Model */,
				187E3D2827453B0B00CD433E /*  ScreenshotsFullScreen */,
			);
			path = ScreenAboutGame;
			sourceTree = "<group>";
		};
		187E3D2827453B0B00CD433E /*  ScreenshotsFullScreen */ = {
			isa = PBXGroup;
			children = (
				1883F7C627B9D206006646D3 /* View */,
				1883F7C527B9D1FC006646D3 /* Presenter */,
				1883F7C427B9D1F3006646D3 /* Model */,
			);
			path = " ScreenshotsFullScreen";
			sourceTree = "<group>";
		};
		1883F7B027B95222006646D3 /* Model */ = {
			isa = PBXGroup;
			children = (
				1883F7B427B95299006646D3 /* FavoritesProtocols.swift */,
				1883F7B827B9A2DC006646D3 /* FavoritesCellData.swift */,
			);
			path = Model;
			sourceTree = "<group>";
		};
		1883F7B127B95227006646D3 /* Presenter */ = {
			isa = PBXGroup;
			children = (
				1883F7B627B9689A006646D3 /* FavoritesPresenter.swift */,
			);
			path = Presenter;
			sourceTree = "<group>";
		};
		1883F7B227B9522A006646D3 /* View */ = {
			isa = PBXGroup;
			children = (
				18093A1427A8AC370000A0F6 /* FavoritesViewController.swift */,
				18F03DCA27AAA8DE002761D5 /* FavoritesTableViewCell.swift */,
				18F03DCB27AAA8DE002761D5 /* FavoritesTableViewCell.xib */,
			);
			path = View;
			sourceTree = "<group>";
		};
		1883F7BA27B9B160006646D3 /* App */ = {
			isa = PBXGroup;
			children = (
				188F371E272FE9F400E7B5EF /* AppDelegate.swift */,
				188F3720272FE9F400E7B5EF /* SceneDelegate.swift */,
				188F3724272FE9F400E7B5EF /* Main.storyboard */,
			);
			path = App;
			sourceTree = "<group>";
		};
		1883F7BB27B9B1CE006646D3 /* View */ = {
			isa = PBXGroup;
			children = (
				18C4737A276771C900715F2F /* SettingsViewController.swift */,
				18C4738127677E4E00715F2F /* TableSettingsCell.swift */,
				18C4738227677E4E00715F2F /* TableSettingsCell.xib */,
			);
			path = View;
			sourceTree = "<group>";
		};
		1883F7BC27B9B1ED006646D3 /* Presenter */ = {
			isa = PBXGroup;
			children = (
				1883F7BE27B9B24A006646D3 /* SettingsPresenter.swift */,
			);
			path = Presenter;
			sourceTree = "<group>";
		};
		1883F7BD27B9B1FB006646D3 /* Model */ = {
			isa = PBXGroup;
			children = (
				188B926E277076EE00FB5737 /* UserSettingsRegistration.swift */,
				1883F7C027B9B262006646D3 /* SettingsProtocols.swift */,
				1883F7C227B9C6BE006646D3 /* SettingsCellData.swift */,
			);
			path = Model;
			sourceTree = "<group>";
		};
		1883F7C427B9D1F3006646D3 /* Model */ = {
			isa = PBXGroup;
			children = (
				1883F7C927B9D2CB006646D3 /* ScreenshotFullProtocols.swift */,
			);
			path = Model;
			sourceTree = "<group>";
		};
		1883F7C527B9D1FC006646D3 /* Presenter */ = {
			isa = PBXGroup;
			children = (
				1883F7C727B9D276006646D3 /* ScreenshotFullPresenter.swift */,
			);
			path = Presenter;
			sourceTree = "<group>";
		};
		1883F7C627B9D206006646D3 /* View */ = {
			isa = PBXGroup;
			children = (
				183FCD102742E90100CD2C10 /* ScreenshotViewer.swift */,
				187E3D232743128B00CD433E /* BigScreenshotViewCell.swift */,
			);
			path = View;
			sourceTree = "<group>";
		};
		1883F7CB27B9DCAF006646D3 /* Model */ = {
			isa = PBXGroup;
			children = (
				1883F7D027B9DE4D006646D3 /* AboutGameProtocols.swift */,
			);
			path = Model;
			sourceTree = "<group>";
		};
		1883F7CC27B9DCC0006646D3 /* Presenter */ = {
			isa = PBXGroup;
			children = (
				1883F7CE27B9DE2D006646D3 /* AboutGamePresenter.swift */,
			);
			path = Presenter;
			sourceTree = "<group>";
		};
		1883F7CD27B9DCCF006646D3 /* View */ = {
			isa = PBXGroup;
			children = (
				18445E362732941200D40700 /* AboutGameViewController.swift */,
				18A2B9C4273D54EC00814DC5 /* CollectionScreenshotsCell.swift */,
				18A2B9C5273D54EC00814DC5 /* CollectionScreenshotsCell.xib */,
			);
			path = View;
			sourceTree = "<group>";
		};
		1883F7D227B9F4C6006646D3 /* Model */ = {
			isa = PBXGroup;
			children = (
				1883F7D827B9F53A006646D3 /* MainScreenProtocols.swift */,
				1883F7DA27BA0346006646D3 /* MainScreenCellData.swift */,
			);
			path = Model;
			sourceTree = "<group>";
		};
		1883F7D327B9F4D2006646D3 /* Presenter */ = {
			isa = PBXGroup;
			children = (
				1883F7D527B9F516006646D3 /* MainScreenPresenter.swift */,
			);
			path = Presenter;
			sourceTree = "<group>";
		};
		1883F7D427B9F4DA006646D3 /* View */ = {
			isa = PBXGroup;
			children = (
				188F3722272FE9F400E7B5EF /* ListOfGamesViewController.swift */,
				188F3732272FF22200E7B5EF /* ListOfGamesViewCell.swift */,
				1821FAB22732D71F009603EF /* ListOfGamesViewCell.xib */,
				18E0E6C02750FBC80031D7A8 /* TableListOfGameCell.swift */,
				18E0E6C12750FBC80031D7A8 /* TableListOfGameCell.xib */,
			);
			path = View;
			sourceTree = "<group>";
		};
		188F3712272FE9F400E7B5EF = {
			isa = PBXGroup;
			children = (
				188F371D272FE9F400E7B5EF /* tg */,
				188F371C272FE9F400E7B5EF /* Products */,
				934FE5A59B79E7DDB0F79A54 /* Pods */,
				05125B2C6765375BEE19E5D9 /* Frameworks */,
			);
			sourceTree = "<group>";
		};
		188F371C272FE9F400E7B5EF /* Products */ = {
			isa = PBXGroup;
			children = (
				188F371B272FE9F400E7B5EF /* tg.app */,
			);
			name = Products;
			sourceTree = "<group>";
		};
		188F371D272FE9F400E7B5EF /* tg */ = {
			isa = PBXGroup;
			children = (
				1883F7BA27B9B160006646D3 /* App */,
				187E3D2627453A0E00CD433E /* MainScreenListOfGames */,
				18093A1327A8ABF20000A0F6 /* Favorites */,
				18C4737C27677DB600715F2F /* Settings */,
				18445E382732A6A100D40700 /* Network */,
				1892803B27AFFD95003DBC76 /* CoreData */,
				3AE2355A27C6679500A4CE95 /* CustomSegmentedControl */,
				3AE0EE0727CCBDDA00CBCADD /* CustomPinField */,
				188F3727272FE9F700E7B5EF /* Assets.xcassets */,
				188F3729272FE9F700E7B5EF /* LaunchScreen.storyboard */,
				188F372C272FE9F700E7B5EF /* Info.plist */,
				18093A1027A2A55B0000A0F6 /* tg.xcdatamodeld */,
				18C4D066276168DA00992B68 /* LoadingAnimation.swift */,
			);
			path = tg;
			sourceTree = "<group>";
		};
		1892803B27AFFD95003DBC76 /* CoreData */ = {
			isa = PBXGroup;
			children = (
				1892803927AFFD8B003DBC76 /* CoreDataManager.swift */,
			);
			path = CoreData;
			sourceTree = "<group>";
		};
		18C4737C27677DB600715F2F /* Settings */ = {
			isa = PBXGroup;
			children = (
				1883F7BB27B9B1CE006646D3 /* View */,
				1883F7BC27B9B1ED006646D3 /* Presenter */,
				1883F7BD27B9B1FB006646D3 /* Model */,
			);
			path = Settings;
			sourceTree = "<group>";
		};
		3AE0EE0727CCBDDA00CBCADD /* CustomPinField */ = {
			isa = PBXGroup;
			children = (
				3AE0EE0527CCBDD200CBCADD /* CustomPinField.swift */,
				3AE0EE0827CCC21000CBCADD /* PasswordViewController.swift */,
			);
			path = CustomPinField;
			sourceTree = "<group>";
		};
		3AE2355A27C6679500A4CE95 /* CustomSegmentedControl */ = {
			isa = PBXGroup;
			children = (
				3AE2355827C6678F00A4CE95 /* CustomSegmentedControlView.swift */,
			);
			path = CustomSegmentedControl;
			sourceTree = "<group>";
		};
		934FE5A59B79E7DDB0F79A54 /* Pods */ = {
			isa = PBXGroup;
			children = (
				A09D6B86A7476DDF944084BC /* Pods-tg.debug.xcconfig */,
				BF9EA82254B1EF9251B08B9A /* Pods-tg.release.xcconfig */,
			);
			path = Pods;
			sourceTree = "<group>";
		};
/* End PBXGroup section */

/* Begin PBXNativeTarget section */
		188F371A272FE9F400E7B5EF /* tg */ = {
			isa = PBXNativeTarget;
			buildConfigurationList = 188F372F272FE9F700E7B5EF /* Build configuration list for PBXNativeTarget "tg" */;
			buildPhases = (
				F8C8CB6BD4D641154B1AA7CA /* [CP] Check Pods Manifest.lock */,
				188F3717272FE9F400E7B5EF /* Sources */,
				188F3718272FE9F400E7B5EF /* Frameworks */,
				188F3719272FE9F400E7B5EF /* Resources */,
			);
			buildRules = (
			);
			dependencies = (
			);
			name = tg;
			productName = tg;
			productReference = 188F371B272FE9F400E7B5EF /* tg.app */;
			productType = "com.apple.product-type.application";
		};
/* End PBXNativeTarget section */

/* Begin PBXProject section */
		188F3713272FE9F400E7B5EF /* Project object */ = {
			isa = PBXProject;
			attributes = {
				LastSwiftUpdateCheck = 1250;
				LastUpgradeCheck = 1250;
				TargetAttributes = {
					188F371A272FE9F400E7B5EF = {
						CreatedOnToolsVersion = 12.5;
					};
				};
			};
			buildConfigurationList = 188F3716272FE9F400E7B5EF /* Build configuration list for PBXProject "tg" */;
			compatibilityVersion = "Xcode 9.3";
			developmentRegion = en;
			hasScannedForEncodings = 0;
			knownRegions = (
				en,
				Base,
			);
			mainGroup = 188F3712272FE9F400E7B5EF;
			productRefGroup = 188F371C272FE9F400E7B5EF /* Products */;
			projectDirPath = "";
			projectRoot = "";
			targets = (
				188F371A272FE9F400E7B5EF /* tg */,
			);
		};
/* End PBXProject section */

/* Begin PBXResourcesBuildPhase section */
		188F3719272FE9F400E7B5EF /* Resources */ = {
			isa = PBXResourcesBuildPhase;
			buildActionMask = 2147483647;
			files = (
				188F372B272FE9F700E7B5EF /* LaunchScreen.storyboard in Resources */,
				18F03DCD27AAA8DE002761D5 /* FavoritesTableViewCell.xib in Resources */,
				188F3728272FE9F700E7B5EF /* Assets.xcassets in Resources */,
				18A2B9C7273D54EC00814DC5 /* CollectionScreenshotsCell.xib in Resources */,
				18E0E6C32750FBC80031D7A8 /* TableListOfGameCell.xib in Resources */,
				1821FAB32732D71F009603EF /* ListOfGamesViewCell.xib in Resources */,
				188F3726272FE9F400E7B5EF /* Main.storyboard in Resources */,
				18C4738427677E4E00715F2F /* TableSettingsCell.xib in Resources */,
			);
			runOnlyForDeploymentPostprocessing = 0;
		};
/* End PBXResourcesBuildPhase section */

/* Begin PBXShellScriptBuildPhase section */
		F8C8CB6BD4D641154B1AA7CA /* [CP] Check Pods Manifest.lock */ = {
			isa = PBXShellScriptBuildPhase;
			buildActionMask = 2147483647;
			files = (
			);
			inputFileListPaths = (
			);
			inputPaths = (
				"${PODS_PODFILE_DIR_PATH}/Podfile.lock",
				"${PODS_ROOT}/Manifest.lock",
			);
			name = "[CP] Check Pods Manifest.lock";
			outputFileListPaths = (
			);
			outputPaths = (
				"$(DERIVED_FILE_DIR)/Pods-tg-checkManifestLockResult.txt",
			);
			runOnlyForDeploymentPostprocessing = 0;
			shellPath = /bin/sh;
			shellScript = "diff \"${PODS_PODFILE_DIR_PATH}/Podfile.lock\" \"${PODS_ROOT}/Manifest.lock\" > /dev/null\nif [ $? != 0 ] ; then\n    # print error to STDERR\n    echo \"error: The sandbox is not in sync with the Podfile.lock. Run 'pod install' or update your CocoaPods installation.\" >&2\n    exit 1\nfi\n# This output is used by Xcode 'outputs' to avoid re-running this script phase.\necho \"SUCCESS\" > \"${SCRIPT_OUTPUT_FILE_0}\"\n";
			showEnvVarsInLog = 0;
		};
/* End PBXShellScriptBuildPhase section */

/* Begin PBXSourcesBuildPhase section */
		188F3717272FE9F400E7B5EF /* Sources */ = {
			isa = PBXSourcesBuildPhase;
			buildActionMask = 2147483647;
			files = (
				1883F7CF27B9DE2D006646D3 /* AboutGamePresenter.swift in Sources */,
				188F3723272FE9F400E7B5EF /* ListOfGamesViewController.swift in Sources */,
				18E0E6C22750FBC80031D7A8 /* TableListOfGameCell.swift in Sources */,
				18445E3A2732A6C100D40700 /* NetworkStruct.swift in Sources */,
				1892803A27AFFD8B003DBC76 /* CoreDataManager.swift in Sources */,
				18093A1227A2A55B0000A0F6 /* tg.xcdatamodeld in Sources */,
				18C4D067276168DA00992B68 /* LoadingAnimation.swift in Sources */,
				183FCD112742E90100CD2C10 /* ScreenshotViewer.swift in Sources */,
				188F3734272FF22200E7B5EF /* ListOfGamesViewCell.swift in Sources */,
				1883F7D927B9F53A006646D3 /* MainScreenProtocols.swift in Sources */,
				3AE2355927C6678F00A4CE95 /* CustomSegmentedControlView.swift in Sources */,
				1883F7D127B9DE4D006646D3 /* AboutGameProtocols.swift in Sources */,
				18C4738327677E4E00715F2F /* TableSettingsCell.swift in Sources */,
				1883F7B927B9A2DC006646D3 /* FavoritesCellData.swift in Sources */,
				1883F7BF27B9B24A006646D3 /* SettingsPresenter.swift in Sources */,
				188F371F272FE9F400E7B5EF /* AppDelegate.swift in Sources */,
				188F3721272FE9F400E7B5EF /* SceneDelegate.swift in Sources */,
				3AE0EE0627CCBDD200CBCADD /* CustomPinField.swift in Sources */,
				18093A1527A8AC370000A0F6 /* FavoritesViewController.swift in Sources */,
				1832D618273A7A4800445BDF /* NetworkManager.swift in Sources */,
				1883F7DB27BA0346006646D3 /* MainScreenCellData.swift in Sources */,
				1883F7C127B9B262006646D3 /* SettingsProtocols.swift in Sources */,
				188B926F277076EE00FB5737 /* UserSettingsRegistration.swift in Sources */,
				1883F7CA27B9D2CB006646D3 /* ScreenshotFullProtocols.swift in Sources */,
				18445E372732941200D40700 /* AboutGameViewController.swift in Sources */,
				1883F7B727B9689A006646D3 /* FavoritesPresenter.swift in Sources */,
				1883F7B527B95299006646D3 /* FavoritesProtocols.swift in Sources */,
				1883F7C327B9C6BE006646D3 /* SettingsCellData.swift in Sources */,
				18A2B9C6273D54EC00814DC5 /* CollectionScreenshotsCell.swift in Sources */,
				18F03DCC27AAA8DE002761D5 /* FavoritesTableViewCell.swift in Sources */,
				187E3D242743128B00CD433E /* BigScreenshotViewCell.swift in Sources */,
				3AE0EE0927CCC21000CBCADD /* PasswordViewController.swift in Sources */,
				18C4737B276771C900715F2F /* SettingsViewController.swift in Sources */,
				1883F7C827B9D276006646D3 /* ScreenshotFullPresenter.swift in Sources */,
				1883F7D627B9F516006646D3 /* MainScreenPresenter.swift in Sources */,
			);
			runOnlyForDeploymentPostprocessing = 0;
		};
/* End PBXSourcesBuildPhase section */

/* Begin PBXVariantGroup section */
		188F3724272FE9F400E7B5EF /* Main.storyboard */ = {
			isa = PBXVariantGroup;
			children = (
				188F3725272FE9F400E7B5EF /* Base */,
			);
			name = Main.storyboard;
			sourceTree = "<group>";
		};
		188F3729272FE9F700E7B5EF /* LaunchScreen.storyboard */ = {
			isa = PBXVariantGroup;
			children = (
				188F372A272FE9F700E7B5EF /* Base */,
			);
			name = LaunchScreen.storyboard;
			sourceTree = "<group>";
		};
/* End PBXVariantGroup section */

/* Begin XCBuildConfiguration section */
		188F372D272FE9F700E7B5EF /* Debug */ = {
			isa = XCBuildConfiguration;
			buildSettings = {
				ALWAYS_SEARCH_USER_PATHS = NO;
				CLANG_ANALYZER_NONNULL = YES;
				CLANG_ANALYZER_NUMBER_OBJECT_CONVERSION = YES_AGGRESSIVE;
				CLANG_CXX_LANGUAGE_STANDARD = "gnu++14";
				CLANG_CXX_LIBRARY = "libc++";
				CLANG_ENABLE_MODULES = YES;
				CLANG_ENABLE_OBJC_ARC = YES;
				CLANG_ENABLE_OBJC_WEAK = YES;
				CLANG_WARN_BLOCK_CAPTURE_AUTORELEASING = YES;
				CLANG_WARN_BOOL_CONVERSION = YES;
				CLANG_WARN_COMMA = YES;
				CLANG_WARN_CONSTANT_CONVERSION = YES;
				CLANG_WARN_DEPRECATED_OBJC_IMPLEMENTATIONS = YES;
				CLANG_WARN_DIRECT_OBJC_ISA_USAGE = YES_ERROR;
				CLANG_WARN_DOCUMENTATION_COMMENTS = YES;
				CLANG_WARN_EMPTY_BODY = YES;
				CLANG_WARN_ENUM_CONVERSION = YES;
				CLANG_WARN_INFINITE_RECURSION = YES;
				CLANG_WARN_INT_CONVERSION = YES;
				CLANG_WARN_NON_LITERAL_NULL_CONVERSION = YES;
				CLANG_WARN_OBJC_IMPLICIT_RETAIN_SELF = YES;
				CLANG_WARN_OBJC_LITERAL_CONVERSION = YES;
				CLANG_WARN_OBJC_ROOT_CLASS = YES_ERROR;
				CLANG_WARN_QUOTED_INCLUDE_IN_FRAMEWORK_HEADER = YES;
				CLANG_WARN_RANGE_LOOP_ANALYSIS = YES;
				CLANG_WARN_STRICT_PROTOTYPES = YES;
				CLANG_WARN_SUSPICIOUS_MOVE = YES;
				CLANG_WARN_UNGUARDED_AVAILABILITY = YES_AGGRESSIVE;
				CLANG_WARN_UNREACHABLE_CODE = YES;
				CLANG_WARN__DUPLICATE_METHOD_MATCH = YES;
				COPY_PHASE_STRIP = NO;
				DEBUG_INFORMATION_FORMAT = dwarf;
				ENABLE_STRICT_OBJC_MSGSEND = YES;
				ENABLE_TESTABILITY = YES;
				GCC_C_LANGUAGE_STANDARD = gnu11;
				GCC_DYNAMIC_NO_PIC = NO;
				GCC_NO_COMMON_BLOCKS = YES;
				GCC_OPTIMIZATION_LEVEL = 0;
				GCC_PREPROCESSOR_DEFINITIONS = (
					"DEBUG=1",
					"$(inherited)",
				);
				GCC_WARN_64_TO_32_BIT_CONVERSION = YES;
				GCC_WARN_ABOUT_RETURN_TYPE = YES_ERROR;
				GCC_WARN_UNDECLARED_SELECTOR = YES;
				GCC_WARN_UNINITIALIZED_AUTOS = YES_AGGRESSIVE;
				GCC_WARN_UNUSED_FUNCTION = YES;
				GCC_WARN_UNUSED_VARIABLE = YES;
				IPHONEOS_DEPLOYMENT_TARGET = 14.5;
				MTL_ENABLE_DEBUG_INFO = INCLUDE_SOURCE;
				MTL_FAST_MATH = YES;
				ONLY_ACTIVE_ARCH = YES;
				SDKROOT = iphoneos;
				SWIFT_ACTIVE_COMPILATION_CONDITIONS = DEBUG;
				SWIFT_OPTIMIZATION_LEVEL = "-Onone";
			};
			name = Debug;
		};
		188F372E272FE9F700E7B5EF /* Release */ = {
			isa = XCBuildConfiguration;
			buildSettings = {
				ALWAYS_SEARCH_USER_PATHS = NO;
				CLANG_ANALYZER_NONNULL = YES;
				CLANG_ANALYZER_NUMBER_OBJECT_CONVERSION = YES_AGGRESSIVE;
				CLANG_CXX_LANGUAGE_STANDARD = "gnu++14";
				CLANG_CXX_LIBRARY = "libc++";
				CLANG_ENABLE_MODULES = YES;
				CLANG_ENABLE_OBJC_ARC = YES;
				CLANG_ENABLE_OBJC_WEAK = YES;
				CLANG_WARN_BLOCK_CAPTURE_AUTORELEASING = YES;
				CLANG_WARN_BOOL_CONVERSION = YES;
				CLANG_WARN_COMMA = YES;
				CLANG_WARN_CONSTANT_CONVERSION = YES;
				CLANG_WARN_DEPRECATED_OBJC_IMPLEMENTATIONS = YES;
				CLANG_WARN_DIRECT_OBJC_ISA_USAGE = YES_ERROR;
				CLANG_WARN_DOCUMENTATION_COMMENTS = YES;
				CLANG_WARN_EMPTY_BODY = YES;
				CLANG_WARN_ENUM_CONVERSION = YES;
				CLANG_WARN_INFINITE_RECURSION = YES;
				CLANG_WARN_INT_CONVERSION = YES;
				CLANG_WARN_NON_LITERAL_NULL_CONVERSION = YES;
				CLANG_WARN_OBJC_IMPLICIT_RETAIN_SELF = YES;
				CLANG_WARN_OBJC_LITERAL_CONVERSION = YES;
				CLANG_WARN_OBJC_ROOT_CLASS = YES_ERROR;
				CLANG_WARN_QUOTED_INCLUDE_IN_FRAMEWORK_HEADER = YES;
				CLANG_WARN_RANGE_LOOP_ANALYSIS = YES;
				CLANG_WARN_STRICT_PROTOTYPES = YES;
				CLANG_WARN_SUSPICIOUS_MOVE = YES;
				CLANG_WARN_UNGUARDED_AVAILABILITY = YES_AGGRESSIVE;
				CLANG_WARN_UNREACHABLE_CODE = YES;
				CLANG_WARN__DUPLICATE_METHOD_MATCH = YES;
				COPY_PHASE_STRIP = NO;
				DEBUG_INFORMATION_FORMAT = "dwarf-with-dsym";
				ENABLE_NS_ASSERTIONS = NO;
				ENABLE_STRICT_OBJC_MSGSEND = YES;
				GCC_C_LANGUAGE_STANDARD = gnu11;
				GCC_NO_COMMON_BLOCKS = YES;
				GCC_WARN_64_TO_32_BIT_CONVERSION = YES;
				GCC_WARN_ABOUT_RETURN_TYPE = YES_ERROR;
				GCC_WARN_UNDECLARED_SELECTOR = YES;
				GCC_WARN_UNINITIALIZED_AUTOS = YES_AGGRESSIVE;
				GCC_WARN_UNUSED_FUNCTION = YES;
				GCC_WARN_UNUSED_VARIABLE = YES;
				IPHONEOS_DEPLOYMENT_TARGET = 14.5;
				MTL_ENABLE_DEBUG_INFO = NO;
				MTL_FAST_MATH = YES;
				SDKROOT = iphoneos;
				SWIFT_COMPILATION_MODE = wholemodule;
				SWIFT_OPTIMIZATION_LEVEL = "-O";
				VALIDATE_PRODUCT = YES;
			};
			name = Release;
		};
		188F3730272FE9F700E7B5EF /* Debug */ = {
			isa = XCBuildConfiguration;
			baseConfigurationReference = A09D6B86A7476DDF944084BC /* Pods-tg.debug.xcconfig */;
			buildSettings = {
				ASSETCATALOG_COMPILER_APPICON_NAME = AppIcon;
				ASSETCATALOG_COMPILER_GLOBAL_ACCENT_COLOR_NAME = AccentColor;
				CODE_SIGN_STYLE = Automatic;
				INFOPLIST_FILE = tg/Info.plist;
				LD_RUNPATH_SEARCH_PATHS = (
					"$(inherited)",
					"@executable_path/Frameworks",
				);
				PRODUCT_BUNDLE_IDENTIFIER = qqq.tg;
				PRODUCT_NAME = "$(TARGET_NAME)";
				SWIFT_VERSION = 5.0;
				TARGETED_DEVICE_FAMILY = "1,2";
			};
			name = Debug;
		};
		188F3731272FE9F700E7B5EF /* Release */ = {
			isa = XCBuildConfiguration;
			baseConfigurationReference = BF9EA82254B1EF9251B08B9A /* Pods-tg.release.xcconfig */;
			buildSettings = {
				ASSETCATALOG_COMPILER_APPICON_NAME = AppIcon;
				ASSETCATALOG_COMPILER_GLOBAL_ACCENT_COLOR_NAME = AccentColor;
				CODE_SIGN_STYLE = Automatic;
				INFOPLIST_FILE = tg/Info.plist;
				LD_RUNPATH_SEARCH_PATHS = (
					"$(inherited)",
					"@executable_path/Frameworks",
				);
				PRODUCT_BUNDLE_IDENTIFIER = qqq.tg;
				PRODUCT_NAME = "$(TARGET_NAME)";
				SWIFT_VERSION = 5.0;
				TARGETED_DEVICE_FAMILY = "1,2";
			};
			name = Release;
		};
/* End XCBuildConfiguration section */

/* Begin XCConfigurationList section */
		188F3716272FE9F400E7B5EF /* Build configuration list for PBXProject "tg" */ = {
			isa = XCConfigurationList;
			buildConfigurations = (
				188F372D272FE9F700E7B5EF /* Debug */,
				188F372E272FE9F700E7B5EF /* Release */,
			);
			defaultConfigurationIsVisible = 0;
			defaultConfigurationName = Release;
		};
		188F372F272FE9F700E7B5EF /* Build configuration list for PBXNativeTarget "tg" */ = {
			isa = XCConfigurationList;
			buildConfigurations = (
				188F3730272FE9F700E7B5EF /* Debug */,
				188F3731272FE9F700E7B5EF /* Release */,
			);
			defaultConfigurationIsVisible = 0;
			defaultConfigurationName = Release;
		};
/* End XCConfigurationList section */

/* Begin XCVersionGroup section */
		18093A1027A2A55B0000A0F6 /* tg.xcdatamodeld */ = {
			isa = XCVersionGroup;
			children = (
				18093A1127A2A55B0000A0F6 /* tg.xcdatamodel */,
			);
			currentVersion = 18093A1127A2A55B0000A0F6 /* tg.xcdatamodel */;
			path = tg.xcdatamodeld;
			sourceTree = "<group>";
			versionGroupType = wrapper.xcdatamodel;
		};
/* End XCVersionGroup section */
	};
	rootObject = 188F3713272FE9F400E7B5EF /* Project object */;
}
